
Microsoft Visual Studio Solution File, Format Version 12.00
# Visual Studio Version 17
VisualStudioVersion = 17.9.34607.119
MinimumVisualStudioVersion = 10.0.40219.1
Project("{FAE04EC0-301F-11D3-BF4B-00C04F79EFBC}") = "pr03", "pr03\pr03.csproj", "{8AB5C5EC-3EC3-4E61-8531-9233CCC1DE80}"
EndProject
Global
	GlobalSection(SolutionConfigurationPlatforms) = preSolution
		Debug|Any CPU = Debug|Any CPU
		Release|Any CPU = Release|Any CPU
	EndGlobalSection
	GlobalSection(ProjectConfigurationPlatforms) = postSolution
		{8AB5C5EC-3EC3-4E61-8531-9233CCC1DE80}.Debug|Any CPU.ActiveCfg = Debug|Any CPU
		{8AB5C5EC-3EC3-4E61-8531-9233CCC1DE80}.Debug|Any CPU.Build.0 = Debug|Any CPU
		{8AB5C5EC-3EC3-4E61-8531-9233CCC1DE80}.Release|Any CPU.ActiveCfg = Release|Any CPU
		{8AB5C5EC-3EC3-4E61-8531-9233CCC1DE80}.Release|Any CPU.Build.0 = Release|Any CPU
	EndGlobalSection
	GlobalSection(SolutionProperties) = preSolution
		HideSolutionNode = FALSE
	EndGlobalSection
	GlobalSection(ExtensibilityGlobals) = postSolution
		SolutionGuid = {F75F2034-32C3-493A-BEFE-18659903E814}
	EndGlobalSection
EndGlobal
